
Microsoft Visual Studio Solution File, Format Version 12.00
# Visual Studio Version 17
VisualStudioVersion = 17.10.35013.160
MinimumVisualStudioVersion = 10.0.40219.1
Project("{FAE04EC0-301F-11D3-BF4B-00C04F79EFBC}") = "ProofOfConstructorChaining", "ProofOfConstructorChaining.csproj", "{E6CB725C-9B8A-41BE-B4C8-95100D8EC1F5}"
EndProject
Global
	GlobalSection(SolutionConfigurationPlatforms) = preSolution
		Debug|Any CPU = Debug|Any CPU
		Release|Any CPU = Release|Any CPU
	EndGlobalSection
	GlobalSection(ProjectConfigurationPlatforms) = postSolution
		{E6CB725C-9B8A-41BE-B4C8-95100D8EC1F5}.Debug|Any CPU.ActiveCfg = Debug|Any CPU
		{E6CB725C-9B8A-41BE-B4C8-95100D8EC1F5}.Debug|Any CPU.Build.0 = Debug|Any CPU
		{E6CB725C-9B8A-41BE-B4C8-95100D8EC1F5}.Release|Any CPU.ActiveCfg = Release|Any CPU
		{E6CB725C-9B8A-41BE-B4C8-95100D8EC1F5}.Release|Any CPU.Build.0 = Release|Any CPU
	EndGlobalSection
	GlobalSection(SolutionProperties) = preSolution
		HideSolutionNode = FALSE
	EndGlobalSection
	GlobalSection(ExtensibilityGlobals) = postSolution
		SolutionGuid = {1C0C23A1-52FA-457D-8DCA-279F701B63FF}
	EndGlobalSection
EndGlobal
